
Microsoft Visual Studio Solution File, Format Version 12.00
# Visual Studio Version 17
VisualStudioVersion = 17.2.32519.379
MinimumVisualStudioVersion = 10.0.40219.1
Project("{FAE04EC0-301F-11D3-BF4B-00C04F79EFBC}") = "demoApp", "demoApp\demoApp.csproj", "{759F8FEA-8DB7-43AE-929E-8E54FE080696}"
EndProject
Global
	GlobalSection(SolutionConfigurationPlatforms) = preSolution
		Debug|Any CPU = Debug|Any CPU
		Release|Any CPU = Release|Any CPU
	EndGlobalSection
	GlobalSection(ProjectConfigurationPlatforms) = postSolution
		{759F8FEA-8DB7-43AE-929E-8E54FE080696}.Debug|Any CPU.ActiveCfg = Debug|Any CPU
		{759F8FEA-8DB7-43AE-929E-8E54FE080696}.Debug|Any CPU.Build.0 = Debug|Any CPU
		{759F8FEA-8DB7-43AE-929E-8E54FE080696}.Release|Any CPU.ActiveCfg = Release|Any CPU
		{759F8FEA-8DB7-43AE-929E-8E54FE080696}.Release|Any CPU.Build.0 = Release|Any CPU
	EndGlobalSection
	GlobalSection(SolutionProperties) = preSolution
		HideSolutionNode = FALSE
	EndGlobalSection
	GlobalSection(ExtensibilityGlobals) = postSolution
		SolutionGuid = {53EBB5C1-8BF4-43BC-B2C9-3903F4A24981}
	EndGlobalSection
EndGlobal
